{
  "version": "v1",
  "packages": {
    "@plasmicpkgs/plasmic-content-stack": {
      "signature": "3d4c77db9c26e24ad5bb461d7faab78d",
      "file": true
    },
    "@plasmicpkgs/plasmic-contentful": {
      "signature": "dfe3e5bed3af7917f8194ddea7020a03",
      "file": true
    },
    "@plasmicpkgs/plasmic-graphcms": {
      "signature": "720c0fdbd87640fc33ed128ca7698443",
      "file": true
    },
    "@plasmicpkgs/plasmic-wordpress-graphql": {
      "signature": "9ee573e72442dcdf1c39a07676625b24",
      "file": true
    },
    "@plasmicpkgs/keen-slider": {
      "signature": "5c3411a56d6ecf554327939e2378c9a6",
      "file": true
    },
    "@plasmicpkgs/plasmic-typeform": {
      "signature": "a4497bb4c8d87e92b2dba477200f943d",
      "file": true
    },
    "@plasmicpkgs/plasmic-strapi": {
      "signature": "a32f5db0ba6f826be975db0b3cb767ae",
      "file": true
    },
    "@plasmicpkgs/plasmic-spotify": {
      "signature": "607eae06ddd76d4d7d4265b17aef89a3",
      "file": true
    },
    "@plasmicpkgs/plasmic-soundcloud": {
      "signature": "bc9da0a7163a147861f40e82be5b6ae5",
      "file": true
    },
    "@plasmicpkgs/plasmic-sanity-io": {
      "signature": "b2f00129611a9726213eb6090ab3592c",
      "file": true
    },
    "@plasmicpkgs/plasmic-pigeon-maps": {
      "signature": "5a30c5ff3377a1d780390fc6cd8a79cd",
      "file": true
    },
    "@plasmicpkgs/plasmic-mailchimp": {
      "signature": "33ec69dd1de2d02c9eb5808f05a41bab",
      "file": true
    },
    "@plasmicpkgs/plasmic-intercom": {
      "signature": "0f6802784dcefa8f86d8d601bc436e14",
      "file": true
    },
    "@plasmicpkgs/plasmic-hubspot": {
      "signature": "b44cc0e4163eb6f28f9b6fbb76020ec0",
      "file": true
    },
    "@plasmicpkgs/plasmic-google-maps": {
      "signature": "9c20cccae5bc2e1b9171b5697f053feb",
      "file": true
    },
    "@plasmicpkgs/plasmic-giphy": {
      "signature": "497f5e525f0d26fd4ed3eca5b7419f96",
      "file": true
    },
    "@plasmicpkgs/plasmic-eventbrite": {
      "signature": "ba184cfedcf4b75436f51f218c58a644",
      "file": true
    },
    "@plasmicpkgs/plasmic-calendly": {
      "signature": "702c3ad0f7db4ea9cc1924a8ecfe08bc",
      "file": true
    },
    "@plasmicpkgs/plasmic-audio": {
      "signature": "bd7b330552ea3ed9fc2c7d09eb201d6c",
      "file": true
    }
  }
}